{
  "name": "odeya-hda-successor-node-evaluator",
  "version": "0.1.0",
  "lockfileVersion": 3,
  "requires": true,
  "packages": {
    "": {
      "name": "odeya-hda-successor-node-evaluator",
      "version": "0.1.0",
      "engines": {
        "node": "24.18.0",
        "npm": "11.16.0"
      }
    }
  }
}
